{
  "version": 4,
  "terraform_version": "1.1.7",
  "serial": 14,
  "lineage": "264a56e1-158c-5e82-1e0a-6fd21eddd401",
  "outputs": {},
  "resources": [
    {
      "mode": "managed",
      "type": "aws_iam_user",
      "name": "username",
      "provider": "provider[\"registry.terraform.io/hashicorp/aws\"]",
      "instances": [
        {
          "index_key": "user1",
          "schema_version": 0,
          "attributes": {
            "arn": "arn:aws:iam::782712599715:user/user1",
            "force_destroy": false,
            "id": "user1",
            "name": "user1",
            "path": "/",
            "permissions_boundary": null,
            "tags": {
              "user1": "prod"
            },
            "tags_all": {
              "user1": "prod"
            },
            "unique_id": "AIDA3MPKOOSRVXVUOPWST"
          },
          "sensitive_attributes": [],
          "private": "bnVsbA=="
        }
      ]
    }
  ]
}
