{
  "version": 4,
  "terraform_version": "1.1.7",
  "serial": 7,
  "lineage": "bf9bdd7c-ef77-3c5f-b337-f187b5d2096f",
  "outputs": {
    "username": {
      "value": [
        "VIDU1",
        "VIDU2",
        "VIDU3"
      ],
      "type": [
        "tuple",
        [
          "string",
          "string",
          "string"
        ]
      ]
    }
  },
  "resources": [
    {
      "mode": "managed",
      "type": "aws_iam_user",
      "name": "user",
      "provider": "provider[\"registry.terraform.io/hashicorp/aws\"]",
      "instances": [
        {
          "index_key": "vidu1",
          "schema_version": 0,
          "attributes": {
            "arn": "arn:aws:iam::782712599715:user/vidu1",
            "force_destroy": false,
            "id": "vidu1",
            "name": "vidu1",
            "path": "/",
            "permissions_boundary": null,
            "tags": {},
            "tags_all": {},
            "unique_id": "AIDA3MPKOOSRT7DXZPQ2H"
          },
          "sensitive_attributes": [],
          "private": "bnVsbA=="
        },
        {
          "index_key": "vidu2",
          "schema_version": 0,
          "attributes": {
            "arn": "arn:aws:iam::782712599715:user/vidu2",
            "force_destroy": false,
            "id": "vidu2",
            "name": "vidu2",
            "path": "/",
            "permissions_boundary": null,
            "tags": {},
            "tags_all": {},
            "unique_id": "AIDA3MPKOOSRVWIPOA4SD"
          },
          "sensitive_attributes": [],
          "private": "bnVsbA=="
        },
        {
          "index_key": "vidu3",
          "schema_version": 0,
          "attributes": {
            "arn": "arn:aws:iam::782712599715:user/vidu3",
            "force_destroy": false,
            "id": "vidu3",
            "name": "vidu3",
            "path": "/",
            "permissions_boundary": null,
            "tags": {},
            "tags_all": {},
            "unique_id": "AIDA3MPKOOSR32MXDIFTQ"
          },
          "sensitive_attributes": [],
          "private": "bnVsbA=="
        }
      ]
    }
  ]
}
