{
  "version": 4,
  "terraform_version": "1.1.7",
  "serial": 6,
  "lineage": "bf0185a2-b97e-ceea-e424-e6c637b62625",
  "outputs": {
    "aws_ebs_volume": {
      "value": "vol-02c5380a79552bb5c",
      "type": "string"
    }
  },
  "resources": [
    {
      "mode": "managed",
      "type": "aws_ebs_volume",
      "name": "viduvol",
      "provider": "provider[\"registry.terraform.io/hashicorp/aws\"]",
      "instances": [
        {
          "schema_version": 0,
          "attributes": {
            "arn": "arn:aws:ec2:ap-south-1:782712599715:volume/vol-02c5380a79552bb5c",
            "availability_zone": "ap-south-1a",
            "encrypted": false,
            "id": "vol-02c5380a79552bb5c",
            "iops": 100,
            "kms_key_id": "",
            "multi_attach_enabled": false,
            "outpost_arn": "",
            "size": 10,
            "snapshot_id": "",
            "tags": {
              "Name": "vol1"
            },
            "tags_all": {
              "Name": "vol1"
            },
            "throughput": 0,
            "type": "gp2"
          },
          "sensitive_attributes": [],
          "private": "bnVsbA=="
        }
      ]
    }
  ]
}
